
Microsoft Visual Studio Solution File, Format Version 12.00
# Visual Studio Version 16
VisualStudioVersion = 16.0.31005.135
MinimumVisualStudioVersion = 10.0.40219.1
Project("{FAE04EC0-301F-11D3-BF4B-00C04F79EFBC}") = "WebApplication1", "WebApplication1\WebApplication1.csproj", "{C772B47E-D0EA-4778-B14B-35BBC9EE6AFF}"
EndProject
Global
	GlobalSection(SolutionConfigurationPlatforms) = preSolution
		Debug|Any CPU = Debug|Any CPU
		Release|Any CPU = Release|Any CPU
	EndGlobalSection
	GlobalSection(ProjectConfigurationPlatforms) = postSolution
		{C772B47E-D0EA-4778-B14B-35BBC9EE6AFF}.Debug|Any CPU.ActiveCfg = Debug|Any CPU
		{C772B47E-D0EA-4778-B14B-35BBC9EE6AFF}.Debug|Any CPU.Build.0 = Debug|Any CPU
		{C772B47E-D0EA-4778-B14B-35BBC9EE6AFF}.Release|Any CPU.ActiveCfg = Release|Any CPU
		{C772B47E-D0EA-4778-B14B-35BBC9EE6AFF}.Release|Any CPU.Build.0 = Release|Any CPU
	EndGlobalSection
	GlobalSection(SolutionProperties) = preSolution
		HideSolutionNode = FALSE
	EndGlobalSection
	GlobalSection(ExtensibilityGlobals) = postSolution
		SolutionGuid = {50B3E09F-29F4-4168-A898-292682CA9E7C}
	EndGlobalSection
EndGlobal
